
Microsoft Visual Studio Solution File, Format Version 12.00
Project("{FAE04EC0-301F-11D3-BF4B-00C04F79EFBC}") = "Shop.Api", "Shop.Api\Shop.Api.csproj", "{1AE57A3E-645B-47DE-9A6C-3AD55F8E7BBF}"
EndProject
Project("{FAE04EC0-301F-11D3-BF4B-00C04F79EFBC}") = "Shop.Client", "Shop.Client\Shop.Client.csproj", "{221C76EE-7FF4-4A91-8489-1EDBD269E50B}"
EndProject
Project("{FAE04EC0-301F-11D3-BF4B-00C04F79EFBC}") = "Shop.Shared", "Shop.Shared\Shop.Shared.csproj", "{EF8C2CDF-D094-498E-9F87-E61790F49122}"
EndProject
Project("{FAE04EC0-301F-11D3-BF4B-00C04F79EFBC}") = "Shop.Data", "Shop.Data\Shop.Data.csproj", "{C1FAA194-448A-449E-A922-5978DE8136A3}"
EndProject
Global
	GlobalSection(SolutionConfigurationPlatforms) = preSolution
		Debug|Any CPU = Debug|Any CPU
		Release|Any CPU = Release|Any CPU
	EndGlobalSection
	GlobalSection(ProjectConfigurationPlatforms) = postSolution
		{1AE57A3E-645B-47DE-9A6C-3AD55F8E7BBF}.Debug|Any CPU.ActiveCfg = Debug|Any CPU
		{1AE57A3E-645B-47DE-9A6C-3AD55F8E7BBF}.Debug|Any CPU.Build.0 = Debug|Any CPU
		{1AE57A3E-645B-47DE-9A6C-3AD55F8E7BBF}.Release|Any CPU.ActiveCfg = Release|Any CPU
		{1AE57A3E-645B-47DE-9A6C-3AD55F8E7BBF}.Release|Any CPU.Build.0 = Release|Any CPU
		{221C76EE-7FF4-4A91-8489-1EDBD269E50B}.Debug|Any CPU.ActiveCfg = Debug|Any CPU
		{221C76EE-7FF4-4A91-8489-1EDBD269E50B}.Debug|Any CPU.Build.0 = Debug|Any CPU
		{221C76EE-7FF4-4A91-8489-1EDBD269E50B}.Release|Any CPU.ActiveCfg = Release|Any CPU
		{221C76EE-7FF4-4A91-8489-1EDBD269E50B}.Release|Any CPU.Build.0 = Release|Any CPU
		{EF8C2CDF-D094-498E-9F87-E61790F49122}.Debug|Any CPU.ActiveCfg = Debug|Any CPU
		{EF8C2CDF-D094-498E-9F87-E61790F49122}.Debug|Any CPU.Build.0 = Debug|Any CPU
		{EF8C2CDF-D094-498E-9F87-E61790F49122}.Release|Any CPU.ActiveCfg = Release|Any CPU
		{EF8C2CDF-D094-498E-9F87-E61790F49122}.Release|Any CPU.Build.0 = Release|Any CPU
		{C1FAA194-448A-449E-A922-5978DE8136A3}.Debug|Any CPU.ActiveCfg = Debug|Any CPU
		{C1FAA194-448A-449E-A922-5978DE8136A3}.Debug|Any CPU.Build.0 = Debug|Any CPU
		{C1FAA194-448A-449E-A922-5978DE8136A3}.Release|Any CPU.ActiveCfg = Release|Any CPU
		{C1FAA194-448A-449E-A922-5978DE8136A3}.Release|Any CPU.Build.0 = Release|Any CPU
	EndGlobalSection
EndGlobal
